
Microsoft Visual Studio Solution File, Format Version 12.00
Project("{FAE04EC0-301F-11D3-BF4B-00C04F79EFBC}") = "DateTimeToEpoch", "DateTimeToEpoch\DateTimeToEpoch.csproj", "{EB0D7E8C-144A-4266-B1D5-8E06910C90DB}"
EndProject
Global
	GlobalSection(SolutionConfigurationPlatforms) = preSolution
		Debug|Any CPU = Debug|Any CPU
		Release|Any CPU = Release|Any CPU
	EndGlobalSection
	GlobalSection(ProjectConfigurationPlatforms) = postSolution
		{EB0D7E8C-144A-4266-B1D5-8E06910C90DB}.Debug|Any CPU.ActiveCfg = Debug|Any CPU
		{EB0D7E8C-144A-4266-B1D5-8E06910C90DB}.Debug|Any CPU.Build.0 = Debug|Any CPU
		{EB0D7E8C-144A-4266-B1D5-8E06910C90DB}.Release|Any CPU.ActiveCfg = Release|Any CPU
		{EB0D7E8C-144A-4266-B1D5-8E06910C90DB}.Release|Any CPU.Build.0 = Release|Any CPU
	EndGlobalSection
EndGlobal
